// !$*UTF8*$!
{
	archiveVersion = 1;
	classes = {
	};
	objectVersion = 55;
	objects = {

/* Begin PBXBuildFile section */
		A54FEFE127C21F2100F21C10 /* AppDelegate.swift in Sources */ = {isa = PBXBuildFile; fileRef = A54FEFE027C21F2100F21C10 /* AppDelegate.swift */; };
		A54FEFE327C21F2100F21C10 /* SceneDelegate.swift in Sources */ = {isa = PBXBuildFile; fileRef = A54FEFE227C21F2100F21C10 /* SceneDelegate.swift */; };
		A54FEFE527C21F2100F21C10 /* MoviesViewController.swift in Sources */ = {isa = PBXBuildFile; fileRef = A54FEFE427C21F2100F21C10 /* MoviesViewController.swift */; };
		A54FEFE827C21F2100F21C10 /* Main.storyboard in Resources */ = {isa = PBXBuildFile; fileRef = A54FEFE627C21F2100F21C10 /* Main.storyboard */; };
		A54FEFEA27C21F2200F21C10 /* Assets.xcassets in Resources */ = {isa = PBXBuildFile; fileRef = A54FEFE927C21F2200F21C10 /* Assets.xcassets */; };
		A54FEFED27C21F2200F21C10 /* LaunchScreen.storyboard in Resources */ = {isa = PBXBuildFile; fileRef = A54FEFEB27C21F2200F21C10 /* LaunchScreen.storyboard */; };
		A54FEFF827C21F2200F21C10 /* FlixTests.swift in Sources */ = {isa = PBXBuildFile; fileRef = A54FEFF727C21F2200F21C10 /* FlixTests.swift */; };
		A54FF00227C21F2200F21C10 /* FlixUITests.swift in Sources */ = {isa = PBXBuildFile; fileRef = A54FF00127C21F2200F21C10 /* FlixUITests.swift */; };
		A54FF00427C21F2200F21C10 /* FlixUITestsLaunchTests.swift in Sources */ = {isa = PBXBuildFile; fileRef = A54FF00327C21F2200F21C10 /* FlixUITestsLaunchTests.swift */; };
		A54FF01527C4172C00F21C10 /* MovieCell.swift in Sources */ = {isa = PBXBuildFile; fileRef = A54FF01427C4172C00F21C10 /* MovieCell.swift */; };
		A54FF01827C41B1F00F21C10 /* AlamofireImage in Frameworks */ = {isa = PBXBuildFile; productRef = A54FF01727C41B1F00F21C10 /* AlamofireImage */; };
		A55F73DE27D33C6000892A64 /* MovieDetailsViewController.swift in Sources */ = {isa = PBXBuildFile; fileRef = A55F73DD27D33C6000892A64 /* MovieDetailsViewController.swift */; };
		A55F73E027D344D300892A64 /* MovieGridViewController.swift in Sources */ = {isa = PBXBuildFile; fileRef = A55F73DF27D344D300892A64 /* MovieGridViewController.swift */; };
		A55F73E227D3473F00892A64 /* MovieGridCell.swift in Sources */ = {isa = PBXBuildFile; fileRef = A55F73E127D3473F00892A64 /* MovieGridCell.swift */; };
/* End PBXBuildFile section */

/* Begin PBXContainerItemProxy section */
		A54FEFF427C21F2200F21C10 /* PBXContainerItemProxy */ = {
			isa = PBXContainerItemProxy;
			containerPortal = A54FEFD527C21F2100F21C10 /* Project object */;
			proxyType = 1;
			remoteGlobalIDString = A54FEFDC27C21F2100F21C10;
			remoteInfo = Flix;
		};
		A54FEFFE27C21F2200F21C10 /* PBXContainerItemProxy */ = {
			isa = PBXContainerItemProxy;
			containerPortal = A54FEFD527C21F2100F21C10 /* Project object */;
			proxyType = 1;
			remoteGlobalIDString = A54FEFDC27C21F2100F21C10;
			remoteInfo = Flix;
		};
/* End PBXContainerItemProxy section */

/* Begin PBXFileReference section */
		A54FEFDD27C21F2100F21C10 /* Flix.app */ = {isa = PBXFileReference; explicitFileType = wrapper.application; includeInIndex = 0; path = Flix.app; sourceTree = BUILT_PRODUCTS_DIR; };
		A54FEFE027C21F2100F21C10 /* AppDelegate.swift */ = {isa = PBXFileReference; lastKnownFileType = sourcecode.swift; path = AppDelegate.swift; sourceTree = "<group>"; };
		A54FEFE227C21F2100F21C10 /* SceneDelegate.swift */ = {isa = PBXFileReference; lastKnownFileType = sourcecode.swift; path = SceneDelegate.swift; sourceTree = "<group>"; };
		A54FEFE427C21F2100F21C10 /* MoviesViewController.swift */ = {isa = PBXFileReference; lastKnownFileType = sourcecode.swift; path = MoviesViewController.swift; sourceTree = "<group>"; };
		A54FEFE727C21F2100F21C10 /* Base */ = {isa = PBXFileReference; lastKnownFileType = file.storyboard; name = Base; path = Base.lproj/Main.storyboard; sourceTree = "<group>"; };
		A54FEFE927C21F2200F21C10 /* Assets.xcassets */ = {isa = PBXFileReference; lastKnownFileType = folder.assetcatalog; path = Assets.xcassets; sourceTree = "<group>"; };
		A54FEFEC27C21F2200F21C10 /* Base */ = {isa = PBXFileReference; lastKnownFileType = file.storyboard; name = Base; path = Base.lproj/LaunchScreen.storyboard; sourceTree = "<group>"; };
		A54FEFEE27C21F2200F21C10 /* Info.plist */ = {isa = PBXFileReference; lastKnownFileType = text.plist.xml; path = Info.plist; sourceTree = "<group>"; };
		A54FEFF327C21F2200F21C10 /* FlixTests.xctest */ = {isa = PBXFileReference; explicitFileType = wrapper.cfbundle; includeInIndex = 0; path = FlixTests.xctest; sourceTree = BUILT_PRODUCTS_DIR; };
		A54FEFF727C21F2200F21C10 /* FlixTests.swift */ = {isa = PBXFileReference; lastKnownFileType = sourcecode.swift; path = FlixTests.swift; sourceTree = "<group>"; };
		A54FEFFD27C21F2200F21C10 /* FlixUITests.xctest */ = {isa = PBXFileReference; explicitFileType = wrapper.cfbundle; includeInIndex = 0; path = FlixUITests.xctest; sourceTree = BUILT_PRODUCTS_DIR; };
		A54FF00127C21F2200F21C10 /* FlixUITests.swift */ = {isa = PBXFileReference; lastKnownFileType = sourcecode.swift; path = FlixUITests.swift; sourceTree = "<group>"; };
		A54FF00327C21F2200F21C10 /* FlixUITestsLaunchTests.swift */ = {isa = PBXFileReference; lastKnownFileType = sourcecode.swift; path = FlixUITestsLaunchTests.swift; sourceTree = "<group>"; };
		A54FF01427C4172C00F21C10 /* MovieCell.swift */ = {isa = PBXFileReference; lastKnownFileType = sourcecode.swift; path = MovieCell.swift; sourceTree = "<group>"; };
		A55F73DD27D33C6000892A64 /* MovieDetailsViewController.swift */ = {isa = PBXFileReference; lastKnownFileType = sourcecode.swift; path = MovieDetailsViewController.swift; sourceTree = "<group>"; };
		A55F73DF27D344D300892A64 /* MovieGridViewController.swift */ = {isa = PBXFileReference; lastKnownFileType = sourcecode.swift; path = MovieGridViewController.swift; sourceTree = "<group>"; };
		A55F73E127D3473F00892A64 /* MovieGridCell.swift */ = {isa = PBXFileReference; lastKnownFileType = sourcecode.swift; path = MovieGridCell.swift; sourceTree = "<group>"; };
/* End PBXFileReference section */

/* Begin PBXFrameworksBuildPhase section */
		A54FEFDA27C21F2100F21C10 /* Frameworks */ = {
			isa = PBXFrameworksBuildPhase;
			buildActionMask = 2147483647;
			files = (
				A54FF01827C41B1F00F21C10 /* AlamofireImage in Frameworks */,
			);
			runOnlyForDeploymentPostprocessing = 0;
		};
		A54FEFF027C21F2200F21C10 /* Frameworks */ = {
			isa = PBXFrameworksBuildPhase;
			buildActionMask = 2147483647;
			files = (
			);
			runOnlyForDeploymentPostprocessing = 0;
		};
		A54FEFFA27C21F2200F21C10 /* Frameworks */ = {
			isa = PBXFrameworksBuildPhase;
			buildActionMask = 2147483647;
			files = (
			);
			runOnlyForDeploymentPostprocessing = 0;
		};
/* End PBXFrameworksBuildPhase section */

/* Begin PBXGroup section */
		A54FEFD427C21F2100F21C10 = {
			isa = PBXGroup;
			children = (
				A54FEFDF27C21F2100F21C10 /* Flix */,
				A54FEFF627C21F2200F21C10 /* FlixTests */,
				A54FF00027C21F2200F21C10 /* FlixUITests */,
				A54FEFDE27C21F2100F21C10 /* Products */,
			);
			sourceTree = "<group>";
		};
		A54FEFDE27C21F2100F21C10 /* Products */ = {
			isa = PBXGroup;
			children = (
				A54FEFDD27C21F2100F21C10 /* Flix.app */,
				A54FEFF327C21F2200F21C10 /* FlixTests.xctest */,
				A54FEFFD27C21F2200F21C10 /* FlixUITests.xctest */,
			);
			name = Products;
			sourceTree = "<group>";
		};
		A54FEFDF27C21F2100F21C10 /* Flix */ = {
			isa = PBXGroup;
			children = (
				A54FEFE027C21F2100F21C10 /* AppDelegate.swift */,
				A54FEFE227C21F2100F21C10 /* SceneDelegate.swift */,
				A54FEFE427C21F2100F21C10 /* MoviesViewController.swift */,
				A54FEFE627C21F2100F21C10 /* Main.storyboard */,
				A54FEFE927C21F2200F21C10 /* Assets.xcassets */,
				A54FEFEB27C21F2200F21C10 /* LaunchScreen.storyboard */,
				A54FEFEE27C21F2200F21C10 /* Info.plist */,
				A54FF01427C4172C00F21C10 /* MovieCell.swift */,
				A55F73DD27D33C6000892A64 /* MovieDetailsViewController.swift */,
				A55F73DF27D344D300892A64 /* MovieGridViewController.swift */,
				A55F73E127D3473F00892A64 /* MovieGridCell.swift */,
			);
			path = Flix;
			sourceTree = "<group>";
		};
		A54FEFF627C21F2200F21C10 /* FlixTests */ = {
			isa = PBXGroup;
			children = (
				A54FEFF727C21F2200F21C10 /* FlixTests.swift */,
			);
			path = FlixTests;
			sourceTree = "<group>";
		};
		A54FF00027C21F2200F21C10 /* FlixUITests */ = {
			isa = PBXGroup;
			children = (
				A54FF00127C21F2200F21C10 /* FlixUITests.swift */,
				A54FF00327C21F2200F21C10 /* FlixUITestsLaunchTests.swift */,
			);
			path = FlixUITests;
			sourceTree = "<group>";
		};
/* End PBXGroup section */

/* Begin PBXNativeTarget section */
		A54FEFDC27C21F2100F21C10 /* Flix */ = {
			isa = PBXNativeTarget;
			buildConfigurationList = A54FF00727C21F2200F21C10 /* Build configuration list for PBXNativeTarget "Flix" */;
			buildPhases = (
				A54FEFD927C21F2100F21C10 /* Sources */,
				A54FEFDA27C21F2100F21C10 /* Frameworks */,
				A54FEFDB27C21F2100F21C10 /* Resources */,
			);
			buildRules = (
			);
			dependencies = (
			);
			name = Flix;
			packageProductDependencies = (
				A54FF01727C41B1F00F21C10 /* AlamofireImage */,
			);
			productName = Flix;
			productReference = A54FEFDD27C21F2100F21C10 /* Flix.app */;
			productType = "com.apple.product-type.application";
		};
		A54FEFF227C21F2200F21C10 /* FlixTests */ = {
			isa = PBXNativeTarget;
			buildConfigurationList = A54FF00A27C21F2200F21C10 /* Build configuration list for PBXNativeTarget "FlixTests" */;
			buildPhases = (
				A54FEFEF27C21F2200F21C10 /* Sources */,
				A54FEFF027C21F2200F21C10 /* Frameworks */,
				A54FEFF127C21F2200F21C10 /* Resources */,
			);
			buildRules = (
			);
			dependencies = (
				A54FEFF527C21F2200F21C10 /* PBXTargetDependency */,
			);
			name = FlixTests;
			productName = FlixTests;
			productReference = A54FEFF327C21F2200F21C10 /* FlixTests.xctest */;
			productType = "com.apple.product-type.bundle.unit-test";
		};
		A54FEFFC27C21F2200F21C10 /* FlixUITests */ = {
			isa = PBXNativeTarget;
			buildConfigurationList = A54FF00D27C21F2200F21C10 /* Build configuration list for PBXNativeTarget "FlixUITests" */;
			buildPhases = (
				A54FEFF927C21F2200F21C10 /* Sources */,
				A54FEFFA27C21F2200F21C10 /* Frameworks */,
				A54FEFFB27C21F2200F21C10 /* Resources */,
			);
			buildRules = (
			);
			dependencies = (
				A54FEFFF27C21F2200F21C10 /* PBXTargetDependency */,
			);
			name = FlixUITests;
			productName = FlixUITests;
			productReference = A54FEFFD27C21F2200F21C10 /* FlixUITests.xctest */;
			productType = "com.apple.product-type.bundle.ui-testing";
		};
/* End PBXNativeTarget section */

/* Begin PBXProject section */
		A54FEFD527C21F2100F21C10 /* Project object */ = {
			isa = PBXProject;
			attributes = {
				BuildIndependentTargetsInParallel = 1;
				LastSwiftUpdateCheck = 1310;
				LastUpgradeCheck = 1310;
				TargetAttributes = {
					A54FEFDC27C21F2100F21C10 = {
						CreatedOnToolsVersion = 13.1;
					};
					A54FEFF227C21F2200F21C10 = {
						CreatedOnToolsVersion = 13.1;
						TestTargetID = A54FEFDC27C21F2100F21C10;
					};
					A54FEFFC27C21F2200F21C10 = {
						CreatedOnToolsVersion = 13.1;
						TestTargetID = A54FEFDC27C21F2100F21C10;
					};
				};
			};
			buildConfigurationList = A54FEFD827C21F2100F21C10 /* Build configuration list for PBXProject "Flix" */;
			compatibilityVersion = "Xcode 13.0";
			developmentRegion = en;
			hasScannedForEncodings = 0;
			knownRegions = (
				en,
				Base,
			);
			mainGroup = A54FEFD427C21F2100F21C10;
			packageReferences = (
				A54FF01627C41B1F00F21C10 /* XCRemoteSwiftPackageReference "AlamofireImage" */,
			);
			productRefGroup = A54FEFDE27C21F2100F21C10 /* Products */;
			projectDirPath = "";
			projectRoot = "";
			targets = (
				A54FEFDC27C21F2100F21C10 /* Flix */,
				A54FEFF227C21F2200F21C10 /* FlixTests */,
				A54FEFFC27C21F2200F21C10 /* FlixUITests */,
			);
		};
/* End PBXProject section */

/* Begin PBXResourcesBuildPhase section */
		A54FEFDB27C21F2100F21C10 /* Resources */ = {
			isa = PBXResourcesBuildPhase;
			buildActionMask = 2147483647;
			files = (
				A54FEFED27C21F2200F21C10 /* LaunchScreen.storyboard in Resources */,
				A54FEFEA27C21F2200F21C10 /* Assets.xcassets in Resources */,
				A54FEFE827C21F2100F21C10 /* Main.storyboard in Resources */,
			);
			runOnlyForDeploymentPostprocessing = 0;
		};
		A54FEFF127C21F2200F21C10 /* Resources */ = {
			isa = PBXResourcesBuildPhase;
			buildActionMask = 2147483647;
			files = (
			);
			runOnlyForDeploymentPostprocessing = 0;
		};
		A54FEFFB27C21F2200F21C10 /* Resources */ = {
			isa = PBXResourcesBuildPhase;
			buildActionMask = 2147483647;
			files = (
			);
			runOnlyForDeploymentPostprocessing = 0;
		};
/* End PBXResourcesBuildPhase section */

/* Begin PBXSourcesBuildPhase section */
		A54FEFD927C21F2100F21C10 /* Sources */ = {
			isa = PBXSourcesBuildPhase;
			buildActionMask = 2147483647;
			files = (
				A55F73DE27D33C6000892A64 /* MovieDetailsViewController.swift in Sources */,
				A54FEFE527C21F2100F21C10 /* MoviesViewController.swift in Sources */,
				A54FEFE127C21F2100F21C10 /* AppDelegate.swift in Sources */,
				A54FF01527C4172C00F21C10 /* MovieCell.swift in Sources */,
				A54FEFE327C21F2100F21C10 /* SceneDelegate.swift in Sources */,
				A55F73E027D344D300892A64 /* MovieGridViewController.swift in Sources */,
				A55F73E227D3473F00892A64 /* MovieGridCell.swift in Sources */,
			);
			runOnlyForDeploymentPostprocessing = 0;
		};
		A54FEFEF27C21F2200F21C10 /* Sources */ = {
			isa = PBXSourcesBuildPhase;
			buildActionMask = 2147483647;
			files = (
				A54FEFF827C21F2200F21C10 /* FlixTests.swift in Sources */,
			);
			runOnlyForDeploymentPostprocessing = 0;
		};
		A54FEFF927C21F2200F21C10 /* Sources */ = {
			isa = PBXSourcesBuildPhase;
			buildActionMask = 2147483647;
			files = (
				A54FF00227C21F2200F21C10 /* FlixUITests.swift in Sources */,
				A54FF00427C21F2200F21C10 /* FlixUITestsLaunchTests.swift in Sources */,
			);
			runOnlyForDeploymentPostprocessing = 0;
		};
/* End PBXSourcesBuildPhase section */

/* Begin PBXTargetDependency section */
		A54FEFF527C21F2200F21C10 /* PBXTargetDependency */ = {
			isa = PBXTargetDependency;
			target = A54FEFDC27C21F2100F21C10 /* Flix */;
			targetProxy = A54FEFF427C21F2200F21C10 /* PBXContainerItemProxy */;
		};
		A54FEFFF27C21F2200F21C10 /* PBXTargetDependency */ = {
			isa = PBXTargetDependency;
			target = A54FEFDC27C21F2100F21C10 /* Flix */;
			targetProxy = A54FEFFE27C21F2200F21C10 /* PBXContainerItemProxy */;
		};
/* End PBXTargetDependency section */

/* Begin PBXVariantGroup section */
		A54FEFE627C21F2100F21C10 /* Main.storyboard */ = {
			isa = PBXVariantGroup;
			children = (
				A54FEFE727C21F2100F21C10 /* Base */,
			);
			name = Main.storyboard;
			sourceTree = "<group>";
		};
		A54FEFEB27C21F2200F21C10 /* LaunchScreen.storyboard */ = {
			isa = PBXVariantGroup;
			children = (
				A54FEFEC27C21F2200F21C10 /* Base */,
			);
			name = LaunchScreen.storyboard;
			sourceTree = "<group>";
		};
/* End PBXVariantGroup section */

/* Begin XCBuildConfiguration section */
		A54FF00527C21F2200F21C10 /* Debug */ = {
			isa = XCBuildConfiguration;
			buildSettings = {
				ALWAYS_SEARCH_USER_PATHS = NO;
				CLANG_ANALYZER_NONNULL = YES;
				CLANG_ANALYZER_NUMBER_OBJECT_CONVERSION = YES_AGGRESSIVE;
				CLANG_CXX_LANGUAGE_STANDARD = "gnu++17";
				CLANG_CXX_LIBRARY = "libc++";
				CLANG_ENABLE_MODULES = YES;
				CLANG_ENABLE_OBJC_ARC = YES;
				CLANG_ENABLE_OBJC_WEAK = YES;
				CLANG_WARN_BLOCK_CAPTURE_AUTORELEASING = YES;
				CLANG_WARN_BOOL_CONVERSION = YES;
				CLANG_WARN_COMMA = YES;
				CLANG_WARN_CONSTANT_CONVERSION = YES;
				CLANG_WARN_DEPRECATED_OBJC_IMPLEMENTATIONS = YES;
				CLANG_WARN_DIRECT_OBJC_ISA_USAGE = YES_ERROR;
				CLANG_WARN_DOCUMENTATION_COMMENTS = YES;
				CLANG_WARN_EMPTY_BODY = YES;
				CLANG_WARN_ENUM_CONVERSION = YES;
				CLANG_WARN_INFINITE_RECURSION = YES;
				CLANG_WARN_INT_CONVERSION = YES;
				CLANG_WARN_NON_LITERAL_NULL_CONVERSION = YES;
				CLANG_WARN_OBJC_IMPLICIT_RETAIN_SELF = YES;
				CLANG_WARN_OBJC_LITERAL_CONVERSION = YES;
				CLANG_WARN_OBJC_ROOT_CLASS = YES_ERROR;
				CLANG_WARN_QUOTED_INCLUDE_IN_FRAMEWORK_HEADER = YES;
				CLANG_WARN_RANGE_LOOP_ANALYSIS = YES;
				CLANG_WARN_STRICT_PROTOTYPES = YES;
				CLANG_WARN_SUSPICIOUS_MOVE = YES;
				CLANG_WARN_UNGUARDED_AVAILABILITY = YES_AGGRESSIVE;
				CLANG_WARN_UNREACHABLE_CODE = YES;
				CLANG_WARN__DUPLICATE_METHOD_MATCH = YES;
				COPY_PHASE_STRIP = NO;
				DEBUG_INFORMATION_FORMAT = dwarf;
				ENABLE_STRICT_OBJC_MSGSEND = YES;
				ENABLE_TESTABILITY = YES;
				GCC_C_LANGUAGE_STANDARD = gnu11;
				GCC_DYNAMIC_NO_PIC = NO;
				GCC_NO_COMMON_BLOCKS = YES;
				GCC_OPTIMIZATION_LEVEL = 0;
				GCC_PREPROCESSOR_DEFINITIONS = (
					"DEBUG=1",
					"$(inherited)",
				);
				GCC_WARN_64_TO_32_BIT_CONVERSION = YES;
				GCC_WARN_ABOUT_RETURN_TYPE = YES_ERROR;
				GCC_WARN_UNDECLARED_SELECTOR = YES;
				GCC_WARN_UNINITIALIZED_AUTOS = YES_AGGRESSIVE;
				GCC_WARN_UNUSED_FUNCTION = YES;
				GCC_WARN_UNUSED_VARIABLE = YES;
				IPHONEOS_DEPLOYMENT_TARGET = 15.0;
				MTL_ENABLE_DEBUG_INFO = INCLUDE_SOURCE;
				MTL_FAST_MATH = YES;
				ONLY_ACTIVE_ARCH = YES;
				SDKROOT = iphoneos;
				SWIFT_ACTIVE_COMPILATION_CONDITIONS = DEBUG;
				SWIFT_OPTIMIZATION_LEVEL = "-Onone";
			};
			name = Debug;
		};
		A54FF00627C21F2200F21C10 /* Release */ = {
			isa = XCBuildConfiguration;
			buildSettings = {
				ALWAYS_SEARCH_USER_PATHS = NO;
				CLANG_ANALYZER_NONNULL = YES;
				CLANG_ANALYZER_NUMBER_OBJECT_CONVERSION = YES_AGGRESSIVE;
				CLANG_CXX_LANGUAGE_STANDARD = "gnu++17";
				CLANG_CXX_LIBRARY = "libc++";
				CLANG_ENABLE_MODULES = YES;
				CLANG_ENABLE_OBJC_ARC = YES;
				CLANG_ENABLE_OBJC_WEAK = YES;
				CLANG_WARN_BLOCK_CAPTURE_AUTORELEASING = YES;
				CLANG_WARN_BOOL_CONVERSION = YES;
				CLANG_WARN_COMMA = YES;
				CLANG_WARN_CONSTANT_CONVERSION = YES;
				CLANG_WARN_DEPRECATED_OBJC_IMPLEMENTATIONS = YES;
				CLANG_WARN_DIRECT_OBJC_ISA_USAGE = YES_ERROR;
				CLANG_WARN_DOCUMENTATION_COMMENTS = YES;
				CLANG_WARN_EMPTY_BODY = YES;
				CLANG_WARN_ENUM_CONVERSION = YES;
				CLANG_WARN_INFINITE_RECURSION = YES;
				CLANG_WARN_INT_CONVERSION = YES;
				CLANG_WARN_NON_LITERAL_NULL_CONVERSION = YES;
				CLANG_WARN_OBJC_IMPLICIT_RETAIN_SELF = YES;
				CLANG_WARN_OBJC_LITERAL_CONVERSION = YES;
				CLANG_WARN_OBJC_ROOT_CLASS = YES_ERROR;
				CLANG_WARN_QUOTED_INCLUDE_IN_FRAMEWORK_HEADER = YES;
				CLANG_WARN_RANGE_LOOP_ANALYSIS = YES;
				CLANG_WARN_STRICT_PROTOTYPES = YES;
				CLANG_WARN_SUSPICIOUS_MOVE = YES;
				CLANG_WARN_UNGUARDED_AVAILABILITY = YES_AGGRESSIVE;
				CLANG_WARN_UNREACHABLE_CODE = YES;
				CLANG_WARN__DUPLICATE_METHOD_MATCH = YES;
				COPY_PHASE_STRIP = NO;
				DEBUG_INFORMATION_FORMAT = "dwarf-with-dsym";
				ENABLE_NS_ASSERTIONS = NO;
				ENABLE_STRICT_OBJC_MSGSEND = YES;
				GCC_C_LANGUAGE_STANDARD = gnu11;
				GCC_NO_COMMON_BLOCKS = YES;
				GCC_WARN_64_TO_32_BIT_CONVERSION = YES;
				GCC_WARN_ABOUT_RETURN_TYPE = YES_ERROR;
				GCC_WARN_UNDECLARED_SELECTOR = YES;
				GCC_WARN_UNINITIALIZED_AUTOS = YES_AGGRESSIVE;
				GCC_WARN_UNUSED_FUNCTION = YES;
				GCC_WARN_UNUSED_VARIABLE = YES;
				IPHONEOS_DEPLOYMENT_TARGET = 15.0;
				MTL_ENABLE_DEBUG_INFO = NO;
				MTL_FAST_MATH = YES;
				SDKROOT = iphoneos;
				SWIFT_COMPILATION_MODE = wholemodule;
				SWIFT_OPTIMIZATION_LEVEL = "-O";
				VALIDATE_PRODUCT = YES;
			};
			name = Release;
		};
		A54FF00827C21F2200F21C10 /* Debug */ = {
			isa = XCBuildConfiguration;
			buildSettings = {
				ASSETCATALOG_COMPILER_APPICON_NAME = AppIcon;
				ASSETCATALOG_COMPILER_GLOBAL_ACCENT_COLOR_NAME = AccentColor;
				CODE_SIGN_STYLE = Automatic;
				CURRENT_PROJECT_VERSION = 1;
				GENERATE_INFOPLIST_FILE = YES;
				INFOPLIST_FILE = Flix/Info.plist;
				INFOPLIST_KEY_UIApplicationSupportsIndirectInputEvents = YES;
				INFOPLIST_KEY_UILaunchStoryboardName = LaunchScreen;
				INFOPLIST_KEY_UIMainStoryboardFile = Main;
				INFOPLIST_KEY_UISupportedInterfaceOrientations_iPad = "UIInterfaceOrientationPortrait UIInterfaceOrientationPortraitUpsideDown UIInterfaceOrientationLandscapeLeft UIInterfaceOrientationLandscapeRight";
				INFOPLIST_KEY_UISupportedInterfaceOrientations_iPhone = "UIInterfaceOrientationPortrait UIInterfaceOrientationLandscapeLeft UIInterfaceOrientationLandscapeRight";
				LD_RUNPATH_SEARCH_PATHS = (
					"$(inherited)",
					"@executable_path/Frameworks",
				);
				MARKETING_VERSION = 1.0;
				PRODUCT_BUNDLE_IDENTIFIER = memo.com.Flix;
				PRODUCT_NAME = "$(TARGET_NAME)";
				SWIFT_EMIT_LOC_STRINGS = YES;
				SWIFT_VERSION = 5.0;
				TARGETED_DEVICE_FAMILY = "1,2";
			};
			name = Debug;
		};
		A54FF00927C21F2200F21C10 /* Release */ = {
			isa = XCBuildConfiguration;
			buildSettings = {
				ASSETCATALOG_COMPILER_APPICON_NAME = AppIcon;
				ASSETCATALOG_COMPILER_GLOBAL_ACCENT_COLOR_NAME = AccentColor;
				CODE_SIGN_STYLE = Automatic;
				CURRENT_PROJECT_VERSION = 1;
				GENERATE_INFOPLIST_FILE = YES;
				INFOPLIST_FILE = Flix/Info.plist;
				INFOPLIST_KEY_UIApplicationSupportsIndirectInputEvents = YES;
				INFOPLIST_KEY_UILaunchStoryboardName = LaunchScreen;
				INFOPLIST_KEY_UIMainStoryboardFile = Main;
				INFOPLIST_KEY_UISupportedInterfaceOrientations_iPad = "UIInterfaceOrientationPortrait UIInterfaceOrientationPortraitUpsideDown UIInterfaceOrientationLandscapeLeft UIInterfaceOrientationLandscapeRight";
				INFOPLIST_KEY_UISupportedInterfaceOrientations_iPhone = "UIInterfaceOrientationPortrait UIInterfaceOrientationLandscapeLeft UIInterfaceOrientationLandscapeRight";
				LD_RUNPATH_SEARCH_PATHS = (
					"$(inherited)",
					"@executable_path/Frameworks",
				);
				MARKETING_VERSION = 1.0;
				PRODUCT_BUNDLE_IDENTIFIER = memo.com.Flix;
				PRODUCT_NAME = "$(TARGET_NAME)";
				SWIFT_EMIT_LOC_STRINGS = YES;
				SWIFT_VERSION = 5.0;
				TARGETED_DEVICE_FAMILY = "1,2";
			};
			name = Release;
		};
		A54FF00B27C21F2200F21C10 /* Debug */ = {
			isa = XCBuildConfiguration;
			buildSettings = {
				ALWAYS_EMBED_SWIFT_STANDARD_LIBRARIES = YES;
				BUNDLE_LOADER = "$(TEST_HOST)";
				CODE_SIGN_STYLE = Automatic;
				CURRENT_PROJECT_VERSION = 1;
				GENERATE_INFOPLIST_FILE = YES;
				IPHONEOS_DEPLOYMENT_TARGET = 15.0;
				LD_RUNPATH_SEARCH_PATHS = (
					"$(inherited)",
					"@executable_path/Frameworks",
					"@loader_path/Frameworks",
				);
				MARKETING_VERSION = 1.0;
				PRODUCT_BUNDLE_IDENTIFIER = memo.com.FlixTests;
				PRODUCT_NAME = "$(TARGET_NAME)";
				SWIFT_EMIT_LOC_STRINGS = NO;
				SWIFT_VERSION = 5.0;
				TARGETED_DEVICE_FAMILY = "1,2";
				TEST_HOST = "$(BUILT_PRODUCTS_DIR)/Flix.app/Flix";
			};
			name = Debug;
		};
		A54FF00C27C21F2200F21C10 /* Release */ = {
			isa = XCBuildConfiguration;
			buildSettings = {
				ALWAYS_EMBED_SWIFT_STANDARD_LIBRARIES = YES;
				BUNDLE_LOADER = "$(TEST_HOST)";
				CODE_SIGN_STYLE = Automatic;
				CURRENT_PROJECT_VERSION = 1;
				GENERATE_INFOPLIST_FILE = YES;
				IPHONEOS_DEPLOYMENT_TARGET = 15.0;
				LD_RUNPATH_SEARCH_PATHS = (
					"$(inherited)",
					"@executable_path/Frameworks",
					"@loader_path/Frameworks",
				);
				MARKETING_VERSION = 1.0;
				PRODUCT_BUNDLE_IDENTIFIER = memo.com.FlixTests;
				PRODUCT_NAME = "$(TARGET_NAME)";
				SWIFT_EMIT_LOC_STRINGS = NO;
				SWIFT_VERSION = 5.0;
				TARGETED_DEVICE_FAMILY = "1,2";
				TEST_HOST = "$(BUILT_PRODUCTS_DIR)/Flix.app/Flix";
			};
			name = Release;
		};
		A54FF00E27C21F2200F21C10 /* Debug */ = {
			isa = XCBuildConfiguration;
			buildSettings = {
				ALWAYS_EMBED_SWIFT_STANDARD_LIBRARIES = YES;
				CODE_SIGN_STYLE = Automatic;
				CURRENT_PROJECT_VERSION = 1;
				GENERATE_INFOPLIST_FILE = YES;
				LD_RUNPATH_SEARCH_PATHS = (
					"$(inherited)",
					"@executable_path/Frameworks",
					"@loader_path/Frameworks",
				);
				MARKETING_VERSION = 1.0;
				PRODUCT_BUNDLE_IDENTIFIER = memo.com.FlixUITests;
				PRODUCT_NAME = "$(TARGET_NAME)";
				SWIFT_EMIT_LOC_STRINGS = NO;
				SWIFT_VERSION = 5.0;
				TARGETED_DEVICE_FAMILY = "1,2";
				TEST_TARGET_NAME = Flix;
			};
			name = Debug;
		};
		A54FF00F27C21F2200F21C10 /* Release */ = {
			isa = XCBuildConfiguration;
			buildSettings = {
				ALWAYS_EMBED_SWIFT_STANDARD_LIBRARIES = YES;
				CODE_SIGN_STYLE = Automatic;
				CURRENT_PROJECT_VERSION = 1;
				GENERATE_INFOPLIST_FILE = YES;
				LD_RUNPATH_SEARCH_PATHS = (
					"$(inherited)",
					"@executable_path/Frameworks",
					"@loader_path/Frameworks",
				);
				MARKETING_VERSION = 1.0;
				PRODUCT_BUNDLE_IDENTIFIER = memo.com.FlixUITests;
				PRODUCT_NAME = "$(TARGET_NAME)";
				SWIFT_EMIT_LOC_STRINGS = NO;
				SWIFT_VERSION = 5.0;
				TARGETED_DEVICE_FAMILY = "1,2";
				TEST_TARGET_NAME = Flix;
			};
			name = Release;
		};
/* End XCBuildConfiguration section */

/* Begin XCConfigurationList section */
		A54FEFD827C21F2100F21C10 /* Build configuration list for PBXProject "Flix" */ = {
			isa = XCConfigurationList;
			buildConfigurations = (
				A54FF00527C21F2200F21C10 /* Debug */,
				A54FF00627C21F2200F21C10 /* Release */,
			);
			defaultConfigurationIsVisible = 0;
			defaultConfigurationName = Release;
		};
		A54FF00727C21F2200F21C10 /* Build configuration list for PBXNativeTarget "Flix" */ = {
			isa = XCConfigurationList;
			buildConfigurations = (
				A54FF00827C21F2200F21C10 /* Debug */,
				A54FF00927C21F2200F21C10 /* Release */,
			);
			defaultConfigurationIsVisible = 0;
			defaultConfigurationName = Release;
		};
		A54FF00A27C21F2200F21C10 /* Build configuration list for PBXNativeTarget "FlixTests" */ = {
			isa = XCConfigurationList;
			buildConfigurations = (
				A54FF00B27C21F2200F21C10 /* Debug */,
				A54FF00C27C21F2200F21C10 /* Release */,
			);
			defaultConfigurationIsVisible = 0;
			defaultConfigurationName = Release;
		};
		A54FF00D27C21F2200F21C10 /* Build configuration list for PBXNativeTarget "FlixUITests" */ = {
			isa = XCConfigurationList;
			buildConfigurations = (
				A54FF00E27C21F2200F21C10 /* Debug */,
				A54FF00F27C21F2200F21C10 /* Release */,
			);
			defaultConfigurationIsVisible = 0;
			defaultConfigurationName = Release;
		};
/* End XCConfigurationList section */

/* Begin XCRemoteSwiftPackageReference section */
		A54FF01627C41B1F00F21C10 /* XCRemoteSwiftPackageReference "AlamofireImage" */ = {
			isa = XCRemoteSwiftPackageReference;
			repositoryURL = "https://github.com/Alamofire/AlamofireImage";
			requirement = {
				kind = upToNextMajorVersion;
				minimumVersion = 4.0.0;
			};
		};
/* End XCRemoteSwiftPackageReference section */

/* Begin XCSwiftPackageProductDependency section */
		A54FF01727C41B1F00F21C10 /* AlamofireImage */ = {
			isa = XCSwiftPackageProductDependency;
			package = A54FF01627C41B1F00F21C10 /* XCRemoteSwiftPackageReference "AlamofireImage" */;
			productName = AlamofireImage;
		};
/* End XCSwiftPackageProductDependency section */
	};
	rootObject = A54FEFD527C21F2100F21C10 /* Project object */;
}
